
Microsoft Visual Studio Solution File, Format Version 12.00
# Visual Studio 15
VisualStudioVersion = 15.0.26014.0
MinimumVisualStudioVersion = 10.0.40219.1
Project("{2150E333-8FDC-42A3-9474-1A3956D46DE8}") = ".nuget", ".nuget", "{1F1B4F0F-2998-4D74-865B-9122611C2B14}"
	ProjectSection(SolutionItems) = preProject
		.nuget\NuGet.Config = .nuget\NuGet.Config
		.nuget\NuGet.exe = .nuget\NuGet.exe
		.nuget\NuGet.targets = .nuget\NuGet.targets
	EndProjectSection
EndProject
Project("{2150E333-8FDC-42A3-9474-1A3956D46DE8}") = "project", "project", "{BF60BC93-E09B-4E5F-9D85-95A519479D54}"
	ProjectSection(SolutionItems) = preProject
		README.md = README.md
		README_obsolete.md = README_obsolete.md
		RELEASE_NOTES.md = RELEASE_NOTES.md
	EndProjectSection
EndProject
Project("{2150E333-8FDC-42A3-9474-1A3956D46DE8}") = "tests", "tests", "{ED8079DD-2B06-4030-9F0F-DC548F98E1C4}"
EndProject
Project("{FAE04EC0-301F-11D3-BF4B-00C04F79EFBC}") = "Ractor.Persistence", "src\Ractor.Persistence\Ractor.Persistence.csproj", "{6780D11C-42AD-46DC-B49D-95912164BB23}"
EndProject
Project("{FAE04EC0-301F-11D3-BF4B-00C04F79EFBC}") = "Ractor.Persistence.Tests", "tests\Ractor.Persistence.Tests\Ractor.Persistence.Tests.csproj", "{3842EBE5-E76E-40DE-A375-905970DD0F30}"
EndProject
Project("{FAE04EC0-301F-11D3-BF4B-00C04F79EFBC}") = "Ractor.CS.Tests", "tests\Ractor.CS.Tests\Ractor.CS.Tests.csproj", "{1DE3B85A-3932-4D95-B87A-E6EDF7367D62}"
EndProject
Project("{F2A71F9B-5D33-465A-A702-920D77279786}") = "Profiler", "tests\Profiler\Profiler.fsproj", "{83AEA85D-E3FC-4E94-94AD-8D1A51EAAEF4}"
EndProject
Project("{FAE04EC0-301F-11D3-BF4B-00C04F79EFBC}") = "Ractor.Persistence.AWS", "src\Ractor.Persistence.AWS\Ractor.Persistence.AWS.csproj", "{A9877785-2F07-405F-AF69-496C1315030C}"
EndProject
Project("{FAE04EC0-301F-11D3-BF4B-00C04F79EFBC}") = "Ractor.Persistence.Tests.Postgres", "tests\Ractor.Persistence.Tests.Postgres\Ractor.Persistence.Tests.Postgres.csproj", "{D1FBF36D-D25C-4048-978A-46AC802C5145}"
EndProject
Project("{FAE04EC0-301F-11D3-BF4B-00C04F79EFBC}") = "Ractor", "src\Ractor\Ractor.csproj", "{E42E939A-25AC-4D26-8858-07451EB6723C}"
EndProject
Project("{888888A0-9F3D-457C-B088-3A5042F75D52}") = "Ractor.Py", "src\Ractor.Py\Ractor.Py.pyproj", "{5A7EC87D-5899-4F3B-AC6B-B47862222055}"
EndProject
Project("{9A19103F-16F7-4668-BE54-9A1E7A4F7556}") = "Ractor.Tests", "src\Ractor.Tests\Ractor.Tests.xproj", "{9DE97D8B-A7A5-4762-A6AB-3728C7445D3A}"
EndProject
Global
	GlobalSection(SolutionConfigurationPlatforms) = preSolution
		Debug|Any CPU = Debug|Any CPU
		Release|Any CPU = Release|Any CPU
		Signed|Any CPU = Signed|Any CPU
	EndGlobalSection
	GlobalSection(ProjectConfigurationPlatforms) = postSolution
		{6780D11C-42AD-46DC-B49D-95912164BB23}.Debug|Any CPU.ActiveCfg = Debug|Any CPU
		{6780D11C-42AD-46DC-B49D-95912164BB23}.Debug|Any CPU.Build.0 = Debug|Any CPU
		{6780D11C-42AD-46DC-B49D-95912164BB23}.Release|Any CPU.ActiveCfg = Release|Any CPU
		{6780D11C-42AD-46DC-B49D-95912164BB23}.Release|Any CPU.Build.0 = Release|Any CPU
		{6780D11C-42AD-46DC-B49D-95912164BB23}.Signed|Any CPU.ActiveCfg = Release|Any CPU
		{6780D11C-42AD-46DC-B49D-95912164BB23}.Signed|Any CPU.Build.0 = Release|Any CPU
		{3842EBE5-E76E-40DE-A375-905970DD0F30}.Debug|Any CPU.ActiveCfg = Debug|Any CPU
		{3842EBE5-E76E-40DE-A375-905970DD0F30}.Debug|Any CPU.Build.0 = Debug|Any CPU
		{3842EBE5-E76E-40DE-A375-905970DD0F30}.Release|Any CPU.ActiveCfg = Release|x64
		{3842EBE5-E76E-40DE-A375-905970DD0F30}.Release|Any CPU.Build.0 = Release|x64
		{3842EBE5-E76E-40DE-A375-905970DD0F30}.Signed|Any CPU.ActiveCfg = Release|Any CPU
		{3842EBE5-E76E-40DE-A375-905970DD0F30}.Signed|Any CPU.Build.0 = Release|Any CPU
		{1DE3B85A-3932-4D95-B87A-E6EDF7367D62}.Debug|Any CPU.ActiveCfg = Debug|Any CPU
		{1DE3B85A-3932-4D95-B87A-E6EDF7367D62}.Debug|Any CPU.Build.0 = Debug|Any CPU
		{1DE3B85A-3932-4D95-B87A-E6EDF7367D62}.Release|Any CPU.ActiveCfg = Release|x64
		{1DE3B85A-3932-4D95-B87A-E6EDF7367D62}.Release|Any CPU.Build.0 = Release|x64
		{1DE3B85A-3932-4D95-B87A-E6EDF7367D62}.Signed|Any CPU.ActiveCfg = Release|Any CPU
		{1DE3B85A-3932-4D95-B87A-E6EDF7367D62}.Signed|Any CPU.Build.0 = Release|Any CPU
		{83AEA85D-E3FC-4E94-94AD-8D1A51EAAEF4}.Debug|Any CPU.ActiveCfg = Debug|Any CPU
		{83AEA85D-E3FC-4E94-94AD-8D1A51EAAEF4}.Debug|Any CPU.Build.0 = Debug|Any CPU
		{83AEA85D-E3FC-4E94-94AD-8D1A51EAAEF4}.Release|Any CPU.ActiveCfg = Release|Any CPU
		{83AEA85D-E3FC-4E94-94AD-8D1A51EAAEF4}.Release|Any CPU.Build.0 = Release|Any CPU
		{83AEA85D-E3FC-4E94-94AD-8D1A51EAAEF4}.Signed|Any CPU.ActiveCfg = Release|Any CPU
		{83AEA85D-E3FC-4E94-94AD-8D1A51EAAEF4}.Signed|Any CPU.Build.0 = Release|Any CPU
		{A9877785-2F07-405F-AF69-496C1315030C}.Debug|Any CPU.ActiveCfg = Debug|Any CPU
		{A9877785-2F07-405F-AF69-496C1315030C}.Debug|Any CPU.Build.0 = Debug|Any CPU
		{A9877785-2F07-405F-AF69-496C1315030C}.Release|Any CPU.ActiveCfg = Release|Any CPU
		{A9877785-2F07-405F-AF69-496C1315030C}.Release|Any CPU.Build.0 = Release|Any CPU
		{A9877785-2F07-405F-AF69-496C1315030C}.Signed|Any CPU.ActiveCfg = Release|Any CPU
		{A9877785-2F07-405F-AF69-496C1315030C}.Signed|Any CPU.Build.0 = Release|Any CPU
		{D1FBF36D-D25C-4048-978A-46AC802C5145}.Debug|Any CPU.ActiveCfg = Debug|Any CPU
		{D1FBF36D-D25C-4048-978A-46AC802C5145}.Debug|Any CPU.Build.0 = Debug|Any CPU
		{D1FBF36D-D25C-4048-978A-46AC802C5145}.Release|Any CPU.ActiveCfg = Release|Any CPU
		{D1FBF36D-D25C-4048-978A-46AC802C5145}.Release|Any CPU.Build.0 = Release|Any CPU
		{D1FBF36D-D25C-4048-978A-46AC802C5145}.Signed|Any CPU.ActiveCfg = Release|Any CPU
		{D1FBF36D-D25C-4048-978A-46AC802C5145}.Signed|Any CPU.Build.0 = Release|Any CPU
		{E42E939A-25AC-4D26-8858-07451EB6723C}.Debug|Any CPU.ActiveCfg = Debug|Any CPU
		{E42E939A-25AC-4D26-8858-07451EB6723C}.Debug|Any CPU.Build.0 = Debug|Any CPU
		{E42E939A-25AC-4D26-8858-07451EB6723C}.Release|Any CPU.ActiveCfg = Release|Any CPU
		{E42E939A-25AC-4D26-8858-07451EB6723C}.Release|Any CPU.Build.0 = Release|Any CPU
		{E42E939A-25AC-4D26-8858-07451EB6723C}.Signed|Any CPU.ActiveCfg = Release|Any CPU
		{E42E939A-25AC-4D26-8858-07451EB6723C}.Signed|Any CPU.Build.0 = Release|Any CPU
		{5A7EC87D-5899-4F3B-AC6B-B47862222055}.Debug|Any CPU.ActiveCfg = Debug|Any CPU
		{5A7EC87D-5899-4F3B-AC6B-B47862222055}.Release|Any CPU.ActiveCfg = Release|Any CPU
		{5A7EC87D-5899-4F3B-AC6B-B47862222055}.Signed|Any CPU.ActiveCfg = Release|Any CPU
		{9DE97D8B-A7A5-4762-A6AB-3728C7445D3A}.Debug|Any CPU.ActiveCfg = Debug|Any CPU
		{9DE97D8B-A7A5-4762-A6AB-3728C7445D3A}.Debug|Any CPU.Build.0 = Debug|Any CPU
		{9DE97D8B-A7A5-4762-A6AB-3728C7445D3A}.Release|Any CPU.ActiveCfg = Release|Any CPU
		{9DE97D8B-A7A5-4762-A6AB-3728C7445D3A}.Release|Any CPU.Build.0 = Release|Any CPU
		{9DE97D8B-A7A5-4762-A6AB-3728C7445D3A}.Signed|Any CPU.ActiveCfg = Debug|Any CPU
		{9DE97D8B-A7A5-4762-A6AB-3728C7445D3A}.Signed|Any CPU.Build.0 = Debug|Any CPU
	EndGlobalSection
	GlobalSection(SolutionProperties) = preSolution
		HideSolutionNode = FALSE
	EndGlobalSection
	GlobalSection(NestedProjects) = preSolution
		{3842EBE5-E76E-40DE-A375-905970DD0F30} = {ED8079DD-2B06-4030-9F0F-DC548F98E1C4}
		{1DE3B85A-3932-4D95-B87A-E6EDF7367D62} = {ED8079DD-2B06-4030-9F0F-DC548F98E1C4}
		{83AEA85D-E3FC-4E94-94AD-8D1A51EAAEF4} = {ED8079DD-2B06-4030-9F0F-DC548F98E1C4}
		{D1FBF36D-D25C-4048-978A-46AC802C5145} = {ED8079DD-2B06-4030-9F0F-DC548F98E1C4}
		{9DE97D8B-A7A5-4762-A6AB-3728C7445D3A} = {ED8079DD-2B06-4030-9F0F-DC548F98E1C4}
	EndGlobalSection
EndGlobal
